
Microsoft Visual Studio Solution File, Format Version 12.00
# Visual Studio 2012
Project("{FAE04EC0-301F-11D3-BF4B-00C04F79EFBC}") = "PullToRefresh", "PullToRefresh\PullToRefresh.csproj", "{3EBC5678-8515-4C29-9D41-0230D9C911CB}"
EndProject
Global
	GlobalSection(SolutionConfigurationPlatforms) = preSolution
		Debug|iPhoneSimulator = Debug|iPhoneSimulator
		Release|iPhone = Release|iPhone
		Release|iPhoneSimulator = Release|iPhoneSimulator
		Debug|iPhone = Debug|iPhone
	EndGlobalSection
	GlobalSection(ProjectConfigurationPlatforms) = postSolution
		{3EBC5678-8515-4C29-9D41-0230D9C911CB}.Debug|iPhone.ActiveCfg = Debug|iPhone
		{3EBC5678-8515-4C29-9D41-0230D9C911CB}.Debug|iPhone.Build.0 = Debug|iPhone
		{3EBC5678-8515-4C29-9D41-0230D9C911CB}.Debug|iPhoneSimulator.ActiveCfg = Debug|iPhoneSimulator
		{3EBC5678-8515-4C29-9D41-0230D9C911CB}.Debug|iPhoneSimulator.Build.0 = Debug|iPhoneSimulator
		{3EBC5678-8515-4C29-9D41-0230D9C911CB}.Release|iPhone.ActiveCfg = Release|iPhone
		{3EBC5678-8515-4C29-9D41-0230D9C911CB}.Release|iPhone.Build.0 = Release|iPhone
		{3EBC5678-8515-4C29-9D41-0230D9C911CB}.Release|iPhoneSimulator.ActiveCfg = Release|iPhoneSimulator
		{3EBC5678-8515-4C29-9D41-0230D9C911CB}.Release|iPhoneSimulator.Build.0 = Release|iPhoneSimulator
	EndGlobalSection
EndGlobal
